
Microsoft Visual Studio Solution File, Format Version 12.00
# Visual Studio 2012
Project("{FAE04EC0-301F-11D3-BF4B-00C04F79EFBC}") = "ConnectingWall.Shell", "ConnectingWall.Shell\ConnectingWall.Shell.csproj", "{59CEF474-B13D-4AF3-9729-2C038460D7C2}"
EndProject
Project("{FAE04EC0-301F-11D3-BF4B-00C04F79EFBC}") = "UI.Game", "UI.Game\UI.Game.csproj", "{788BFDDE-594B-41FF-8D64-F283811A217E}"
EndProject
Project("{FAE04EC0-301F-11D3-BF4B-00C04F79EFBC}") = "UI.Game.Tests", "UI.Game.Tests\UI.Game.Tests.csproj", "{A924EEBE-1DB0-4BB1-923B-53E9CD4CD082}"
EndProject
Project("{FAE04EC0-301F-11D3-BF4B-00C04F79EFBC}") = "ConnectingWall.Common", "ConnectingWall.Common\ConnectingWall.Common.csproj", "{4B32DB35-0663-4169-AF41-DD964F768F52}"
EndProject
Global
	GlobalSection(SolutionConfigurationPlatforms) = preSolution
		Debug|Any CPU = Debug|Any CPU
		Release|Any CPU = Release|Any CPU
	EndGlobalSection
	GlobalSection(ProjectConfigurationPlatforms) = postSolution
		{59CEF474-B13D-4AF3-9729-2C038460D7C2}.Debug|Any CPU.ActiveCfg = Debug|Any CPU
		{59CEF474-B13D-4AF3-9729-2C038460D7C2}.Debug|Any CPU.Build.0 = Debug|Any CPU
		{59CEF474-B13D-4AF3-9729-2C038460D7C2}.Release|Any CPU.ActiveCfg = Release|Any CPU
		{59CEF474-B13D-4AF3-9729-2C038460D7C2}.Release|Any CPU.Build.0 = Release|Any CPU
		{788BFDDE-594B-41FF-8D64-F283811A217E}.Debug|Any CPU.ActiveCfg = Debug|Any CPU
		{788BFDDE-594B-41FF-8D64-F283811A217E}.Debug|Any CPU.Build.0 = Debug|Any CPU
		{788BFDDE-594B-41FF-8D64-F283811A217E}.Release|Any CPU.ActiveCfg = Release|Any CPU
		{788BFDDE-594B-41FF-8D64-F283811A217E}.Release|Any CPU.Build.0 = Release|Any CPU
		{A924EEBE-1DB0-4BB1-923B-53E9CD4CD082}.Debug|Any CPU.ActiveCfg = Debug|Any CPU
		{A924EEBE-1DB0-4BB1-923B-53E9CD4CD082}.Debug|Any CPU.Build.0 = Debug|Any CPU
		{A924EEBE-1DB0-4BB1-923B-53E9CD4CD082}.Release|Any CPU.ActiveCfg = Release|Any CPU
		{A924EEBE-1DB0-4BB1-923B-53E9CD4CD082}.Release|Any CPU.Build.0 = Release|Any CPU
		{4B32DB35-0663-4169-AF41-DD964F768F52}.Debug|Any CPU.ActiveCfg = Debug|Any CPU
		{4B32DB35-0663-4169-AF41-DD964F768F52}.Debug|Any CPU.Build.0 = Debug|Any CPU
		{4B32DB35-0663-4169-AF41-DD964F768F52}.Release|Any CPU.ActiveCfg = Release|Any CPU
		{4B32DB35-0663-4169-AF41-DD964F768F52}.Release|Any CPU.Build.0 = Release|Any CPU
	EndGlobalSection
	GlobalSection(SolutionProperties) = preSolution
		HideSolutionNode = FALSE
	EndGlobalSection
	GlobalSection(ExtensibilityGlobals) = postSolution
		EnterpriseLibraryConfigurationToolBinariesPath = packages\Unity.2.1.505.2\lib\NET35
	EndGlobalSection
EndGlobal
